
Microsoft Visual Studio Solution File, Format Version 12.00
# Visual Studio Version 17
VisualStudioVersion = 17.7.34003.232
MinimumVisualStudioVersion = 10.0.40219.1
Project("{FAE04EC0-301F-11D3-BF4B-00C04F79EFBC}") = "NetExcercises", "NetExcercises.csproj", "{D18B7382-F527-4D4E-8C6A-D5E0947B3E83}"
EndProject
Global
	GlobalSection(SolutionConfigurationPlatforms) = preSolution
		Debug|Any CPU = Debug|Any CPU
		Release|Any CPU = Release|Any CPU
	EndGlobalSection
	GlobalSection(ProjectConfigurationPlatforms) = postSolution
		{D18B7382-F527-4D4E-8C6A-D5E0947B3E83}.Debug|Any CPU.ActiveCfg = Debug|Any CPU
		{D18B7382-F527-4D4E-8C6A-D5E0947B3E83}.Debug|Any CPU.Build.0 = Debug|Any CPU
		{D18B7382-F527-4D4E-8C6A-D5E0947B3E83}.Release|Any CPU.ActiveCfg = Release|Any CPU
		{D18B7382-F527-4D4E-8C6A-D5E0947B3E83}.Release|Any CPU.Build.0 = Release|Any CPU
	EndGlobalSection
	GlobalSection(SolutionProperties) = preSolution
		HideSolutionNode = FALSE
	EndGlobalSection
	GlobalSection(ExtensibilityGlobals) = postSolution
		SolutionGuid = {CAB79A8F-637C-48AB-B36C-A6632AB85918}
	EndGlobalSection
EndGlobal
